
Microsoft Visual Studio Solution File, Format Version 12.00
# Visual Studio 15
VisualStudioVersion = 15.0.26430.16
MinimumVisualStudioVersion = 10.0.40219.1
Project("{FAE04EC0-301F-11D3-BF4B-00C04F79EFBC}") = "Assembly Planner", "Assembly Planner\Assembly Planner.csproj", "{A7045F03-81DA-4784-A287-DD7C81EEF4E0}"
EndProject
Project("{FAE04EC0-301F-11D3-BF4B-00C04F79EFBC}") = "FastenerDetection", "FastenerDetection\FastenerDetection.csproj", "{30CCD4F8-05F2-4E31-9E93-45362C94E7F3}"
EndProject
Project("{FAE04EC0-301F-11D3-BF4B-00C04F79EFBC}") = "DisassemblyDirections", "DisassemblyDirections\DisassemblyDirections.csproj", "{70EE5B86-35B8-45C0-B018-0EA498E89373}"
EndProject
Project("{FAE04EC0-301F-11D3-BF4B-00C04F79EFBC}") = "AssemblyPlanning", "AssemblyPlanning\AssemblyPlanning.csproj", "{4BA740A6-C6EF-4D71-AEB4-605B9E81EA68}"
EndProject
Global
	GlobalSection(SolutionConfigurationPlatforms) = preSolution
		Console Debug|Any CPU = Console Debug|Any CPU
		Console Debug|x86 = Console Debug|x86
		Console Release|Any CPU = Console Release|Any CPU
		Console Release|x86 = Console Release|x86
		Debug|Any CPU = Debug|Any CPU
		Debug|x86 = Debug|x86
		Release|Any CPU = Release|Any CPU
		Release|x86 = Release|x86
		WPF GUI Debug|Any CPU = WPF GUI Debug|Any CPU
		WPF GUI Debug|x86 = WPF GUI Debug|x86
		WPF GUI Release|Any CPU = WPF GUI Release|Any CPU
		WPF GUI Release|x86 = WPF GUI Release|x86
	EndGlobalSection
	GlobalSection(ProjectConfigurationPlatforms) = postSolution
		{A7045F03-81DA-4784-A287-DD7C81EEF4E0}.Console Debug|Any CPU.ActiveCfg = Debug|Any CPU
		{A7045F03-81DA-4784-A287-DD7C81EEF4E0}.Console Debug|Any CPU.Build.0 = Debug|Any CPU
		{A7045F03-81DA-4784-A287-DD7C81EEF4E0}.Console Debug|x86.ActiveCfg = Debug|Any CPU
		{A7045F03-81DA-4784-A287-DD7C81EEF4E0}.Console Release|Any CPU.ActiveCfg = Release|Any CPU
		{A7045F03-81DA-4784-A287-DD7C81EEF4E0}.Console Release|Any CPU.Build.0 = Release|Any CPU
		{A7045F03-81DA-4784-A287-DD7C81EEF4E0}.Console Release|x86.ActiveCfg = Release|Any CPU
		{A7045F03-81DA-4784-A287-DD7C81EEF4E0}.Debug|Any CPU.ActiveCfg = Debug|Any CPU
		{A7045F03-81DA-4784-A287-DD7C81EEF4E0}.Debug|Any CPU.Build.0 = Debug|Any CPU
		{A7045F03-81DA-4784-A287-DD7C81EEF4E0}.Debug|x86.ActiveCfg = Debug|Any CPU
		{A7045F03-81DA-4784-A287-DD7C81EEF4E0}.Release|Any CPU.ActiveCfg = Release|Any CPU
		{A7045F03-81DA-4784-A287-DD7C81EEF4E0}.Release|Any CPU.Build.0 = Release|Any CPU
		{A7045F03-81DA-4784-A287-DD7C81EEF4E0}.Release|x86.ActiveCfg = Release|Any CPU
		{A7045F03-81DA-4784-A287-DD7C81EEF4E0}.WPF GUI Debug|Any CPU.ActiveCfg = Debug|Any CPU
		{A7045F03-81DA-4784-A287-DD7C81EEF4E0}.WPF GUI Debug|Any CPU.Build.0 = Debug|Any CPU
		{A7045F03-81DA-4784-A287-DD7C81EEF4E0}.WPF GUI Debug|x86.ActiveCfg = Debug|Any CPU
		{A7045F03-81DA-4784-A287-DD7C81EEF4E0}.WPF GUI Release|Any CPU.ActiveCfg = Release|Any CPU
		{A7045F03-81DA-4784-A287-DD7C81EEF4E0}.WPF GUI Release|Any CPU.Build.0 = Release|Any CPU
		{A7045F03-81DA-4784-A287-DD7C81EEF4E0}.WPF GUI Release|x86.ActiveCfg = Release|Any CPU
		{30CCD4F8-05F2-4E31-9E93-45362C94E7F3}.Console Debug|Any CPU.ActiveCfg = Debug|Any CPU
		{30CCD4F8-05F2-4E31-9E93-45362C94E7F3}.Console Debug|Any CPU.Build.0 = Debug|Any CPU
		{30CCD4F8-05F2-4E31-9E93-45362C94E7F3}.Console Debug|x86.ActiveCfg = Debug|Any CPU
		{30CCD4F8-05F2-4E31-9E93-45362C94E7F3}.Console Debug|x86.Build.0 = Debug|Any CPU
		{30CCD4F8-05F2-4E31-9E93-45362C94E7F3}.Console Release|Any CPU.ActiveCfg = Release|Any CPU
		{30CCD4F8-05F2-4E31-9E93-45362C94E7F3}.Console Release|Any CPU.Build.0 = Release|Any CPU
		{30CCD4F8-05F2-4E31-9E93-45362C94E7F3}.Console Release|x86.ActiveCfg = Release|Any CPU
		{30CCD4F8-05F2-4E31-9E93-45362C94E7F3}.Console Release|x86.Build.0 = Release|Any CPU
		{30CCD4F8-05F2-4E31-9E93-45362C94E7F3}.Debug|Any CPU.ActiveCfg = Debug|Any CPU
		{30CCD4F8-05F2-4E31-9E93-45362C94E7F3}.Debug|Any CPU.Build.0 = Debug|Any CPU
		{30CCD4F8-05F2-4E31-9E93-45362C94E7F3}.Debug|x86.ActiveCfg = Debug|Any CPU
		{30CCD4F8-05F2-4E31-9E93-45362C94E7F3}.Debug|x86.Build.0 = Debug|Any CPU
		{30CCD4F8-05F2-4E31-9E93-45362C94E7F3}.Release|Any CPU.ActiveCfg = Release|Any CPU
		{30CCD4F8-05F2-4E31-9E93-45362C94E7F3}.Release|Any CPU.Build.0 = Release|Any CPU
		{30CCD4F8-05F2-4E31-9E93-45362C94E7F3}.Release|x86.ActiveCfg = Release|Any CPU
		{30CCD4F8-05F2-4E31-9E93-45362C94E7F3}.Release|x86.Build.0 = Release|Any CPU
		{30CCD4F8-05F2-4E31-9E93-45362C94E7F3}.WPF GUI Debug|Any CPU.ActiveCfg = Debug|Any CPU
		{30CCD4F8-05F2-4E31-9E93-45362C94E7F3}.WPF GUI Debug|Any CPU.Build.0 = Debug|Any CPU
		{30CCD4F8-05F2-4E31-9E93-45362C94E7F3}.WPF GUI Debug|x86.ActiveCfg = Debug|Any CPU
		{30CCD4F8-05F2-4E31-9E93-45362C94E7F3}.WPF GUI Debug|x86.Build.0 = Debug|Any CPU
		{30CCD4F8-05F2-4E31-9E93-45362C94E7F3}.WPF GUI Release|Any CPU.ActiveCfg = Release|Any CPU
		{30CCD4F8-05F2-4E31-9E93-45362C94E7F3}.WPF GUI Release|Any CPU.Build.0 = Release|Any CPU
		{30CCD4F8-05F2-4E31-9E93-45362C94E7F3}.WPF GUI Release|x86.ActiveCfg = Release|Any CPU
		{30CCD4F8-05F2-4E31-9E93-45362C94E7F3}.WPF GUI Release|x86.Build.0 = Release|Any CPU
		{70EE5B86-35B8-45C0-B018-0EA498E89373}.Console Debug|Any CPU.ActiveCfg = Debug|Any CPU
		{70EE5B86-35B8-45C0-B018-0EA498E89373}.Console Debug|Any CPU.Build.0 = Debug|Any CPU
		{70EE5B86-35B8-45C0-B018-0EA498E89373}.Console Debug|x86.ActiveCfg = Debug|Any CPU
		{70EE5B86-35B8-45C0-B018-0EA498E89373}.Console Debug|x86.Build.0 = Debug|Any CPU
		{70EE5B86-35B8-45C0-B018-0EA498E89373}.Console Release|Any CPU.ActiveCfg = Release|Any CPU
		{70EE5B86-35B8-45C0-B018-0EA498E89373}.Console Release|Any CPU.Build.0 = Release|Any CPU
		{70EE5B86-35B8-45C0-B018-0EA498E89373}.Console Release|x86.ActiveCfg = Release|Any CPU
		{70EE5B86-35B8-45C0-B018-0EA498E89373}.Console Release|x86.Build.0 = Release|Any CPU
		{70EE5B86-35B8-45C0-B018-0EA498E89373}.Debug|Any CPU.ActiveCfg = Debug|Any CPU
		{70EE5B86-35B8-45C0-B018-0EA498E89373}.Debug|Any CPU.Build.0 = Debug|Any CPU
		{70EE5B86-35B8-45C0-B018-0EA498E89373}.Debug|x86.ActiveCfg = Debug|Any CPU
		{70EE5B86-35B8-45C0-B018-0EA498E89373}.Debug|x86.Build.0 = Debug|Any CPU
		{70EE5B86-35B8-45C0-B018-0EA498E89373}.Release|Any CPU.ActiveCfg = Release|Any CPU
		{70EE5B86-35B8-45C0-B018-0EA498E89373}.Release|Any CPU.Build.0 = Release|Any CPU
		{70EE5B86-35B8-45C0-B018-0EA498E89373}.Release|x86.ActiveCfg = Release|Any CPU
		{70EE5B86-35B8-45C0-B018-0EA498E89373}.Release|x86.Build.0 = Release|Any CPU
		{70EE5B86-35B8-45C0-B018-0EA498E89373}.WPF GUI Debug|Any CPU.ActiveCfg = Debug|Any CPU
		{70EE5B86-35B8-45C0-B018-0EA498E89373}.WPF GUI Debug|Any CPU.Build.0 = Debug|Any CPU
		{70EE5B86-35B8-45C0-B018-0EA498E89373}.WPF GUI Debug|x86.ActiveCfg = Debug|Any CPU
		{70EE5B86-35B8-45C0-B018-0EA498E89373}.WPF GUI Debug|x86.Build.0 = Debug|Any CPU
		{70EE5B86-35B8-45C0-B018-0EA498E89373}.WPF GUI Release|Any CPU.ActiveCfg = Release|Any CPU
		{70EE5B86-35B8-45C0-B018-0EA498E89373}.WPF GUI Release|Any CPU.Build.0 = Release|Any CPU
		{70EE5B86-35B8-45C0-B018-0EA498E89373}.WPF GUI Release|x86.ActiveCfg = Release|Any CPU
		{70EE5B86-35B8-45C0-B018-0EA498E89373}.WPF GUI Release|x86.Build.0 = Release|Any CPU
		{4BA740A6-C6EF-4D71-AEB4-605B9E81EA68}.Console Debug|Any CPU.ActiveCfg = Debug|Any CPU
		{4BA740A6-C6EF-4D71-AEB4-605B9E81EA68}.Console Debug|Any CPU.Build.0 = Debug|Any CPU
		{4BA740A6-C6EF-4D71-AEB4-605B9E81EA68}.Console Debug|x86.ActiveCfg = Debug|Any CPU
		{4BA740A6-C6EF-4D71-AEB4-605B9E81EA68}.Console Debug|x86.Build.0 = Debug|Any CPU
		{4BA740A6-C6EF-4D71-AEB4-605B9E81EA68}.Console Release|Any CPU.ActiveCfg = Release|Any CPU
		{4BA740A6-C6EF-4D71-AEB4-605B9E81EA68}.Console Release|Any CPU.Build.0 = Release|Any CPU
		{4BA740A6-C6EF-4D71-AEB4-605B9E81EA68}.Console Release|x86.ActiveCfg = Release|Any CPU
		{4BA740A6-C6EF-4D71-AEB4-605B9E81EA68}.Console Release|x86.Build.0 = Release|Any CPU
		{4BA740A6-C6EF-4D71-AEB4-605B9E81EA68}.Debug|Any CPU.ActiveCfg = Debug|Any CPU
		{4BA740A6-C6EF-4D71-AEB4-605B9E81EA68}.Debug|Any CPU.Build.0 = Debug|Any CPU
		{4BA740A6-C6EF-4D71-AEB4-605B9E81EA68}.Debug|x86.ActiveCfg = Debug|Any CPU
		{4BA740A6-C6EF-4D71-AEB4-605B9E81EA68}.Debug|x86.Build.0 = Debug|Any CPU
		{4BA740A6-C6EF-4D71-AEB4-605B9E81EA68}.Release|Any CPU.ActiveCfg = Release|Any CPU
		{4BA740A6-C6EF-4D71-AEB4-605B9E81EA68}.Release|Any CPU.Build.0 = Release|Any CPU
		{4BA740A6-C6EF-4D71-AEB4-605B9E81EA68}.Release|x86.ActiveCfg = Release|Any CPU
		{4BA740A6-C6EF-4D71-AEB4-605B9E81EA68}.Release|x86.Build.0 = Release|Any CPU
		{4BA740A6-C6EF-4D71-AEB4-605B9E81EA68}.WPF GUI Debug|Any CPU.ActiveCfg = Debug|Any CPU
		{4BA740A6-C6EF-4D71-AEB4-605B9E81EA68}.WPF GUI Debug|Any CPU.Build.0 = Debug|Any CPU
		{4BA740A6-C6EF-4D71-AEB4-605B9E81EA68}.WPF GUI Debug|x86.ActiveCfg = Debug|Any CPU
		{4BA740A6-C6EF-4D71-AEB4-605B9E81EA68}.WPF GUI Debug|x86.Build.0 = Debug|Any CPU
		{4BA740A6-C6EF-4D71-AEB4-605B9E81EA68}.WPF GUI Release|Any CPU.ActiveCfg = Release|Any CPU
		{4BA740A6-C6EF-4D71-AEB4-605B9E81EA68}.WPF GUI Release|Any CPU.Build.0 = Release|Any CPU
		{4BA740A6-C6EF-4D71-AEB4-605B9E81EA68}.WPF GUI Release|x86.ActiveCfg = Release|Any CPU
		{4BA740A6-C6EF-4D71-AEB4-605B9E81EA68}.WPF GUI Release|x86.Build.0 = Release|Any CPU
	EndGlobalSection
	GlobalSection(SolutionProperties) = preSolution
		HideSolutionNode = FALSE
	EndGlobalSection
EndGlobal
