
Microsoft Visual Studio Solution File, Format Version 12.00
# Visual Studio 15
VisualStudioVersion = 15.0.27130.2010
MinimumVisualStudioVersion = 10.0.40219.1
Project("{FAE04EC0-301F-11D3-BF4B-00C04F79EFBC}") = "FastenerDetection", "FastenerDetection\FastenerDetection.csproj", "{1B507597-9739-489D-9E05-481B74B13421}"
EndProject
Project("{FAE04EC0-301F-11D3-BF4B-00C04F79EFBC}") = "DisassemblyDirectionDetection", "DisassemblyDirectionDetection\DisassemblyDirectionDetection.csproj", "{29505007-B0A0-4367-BB26-04B903D09BC2}"
EndProject
Project("{FAE04EC0-301F-11D3-BF4B-00C04F79EFBC}") = "VerificationBeforePlanning", "VerificationBeforePlanning\VerificationBeforePlanning.csproj", "{B8485791-C56A-427E-8B45-AD38F17FE3C0}"
EndProject
Project("{FAE04EC0-301F-11D3-BF4B-00C04F79EFBC}") = "AutomatedAssemblyPlannerLibrary", "AutomatedAssemblyPlannerLibrary\AutomatedAssemblyPlannerLibrary.csproj", "{3825AF9B-453E-42CC-B72F-CB1AC878B13B}"
EndProject
Project("{9A19103F-16F7-4668-BE54-9A1E7A4F7556}") = "AssemblyPlanSearch", "AssemblyPlanSearch\AssemblyPlanSearch.csproj", "{8977628A-34AC-41B2-9DA6-D5B233C2882B}"
EndProject
Global
	GlobalSection(SolutionConfigurationPlatforms) = preSolution
		Console Debug|Any CPU = Console Debug|Any CPU
		Console Debug|x86 = Console Debug|x86
		Console Release|Any CPU = Console Release|Any CPU
		Console Release|x86 = Console Release|x86
		Debug|Any CPU = Debug|Any CPU
		Debug|x86 = Debug|x86
		Release|Any CPU = Release|Any CPU
		Release|x86 = Release|x86
		WPF GUI Debug|Any CPU = WPF GUI Debug|Any CPU
		WPF GUI Debug|x86 = WPF GUI Debug|x86
		WPF GUI Release|Any CPU = WPF GUI Release|Any CPU
		WPF GUI Release|x86 = WPF GUI Release|x86
	EndGlobalSection
	GlobalSection(ProjectConfigurationPlatforms) = postSolution
		{1B507597-9739-489D-9E05-481B74B13421}.Console Debug|Any CPU.ActiveCfg = Debug|Any CPU
		{1B507597-9739-489D-9E05-481B74B13421}.Console Debug|Any CPU.Build.0 = Debug|Any CPU
		{1B507597-9739-489D-9E05-481B74B13421}.Console Debug|x86.ActiveCfg = Debug|Any CPU
		{1B507597-9739-489D-9E05-481B74B13421}.Console Debug|x86.Build.0 = Debug|Any CPU
		{1B507597-9739-489D-9E05-481B74B13421}.Console Release|Any CPU.ActiveCfg = Release|Any CPU
		{1B507597-9739-489D-9E05-481B74B13421}.Console Release|Any CPU.Build.0 = Release|Any CPU
		{1B507597-9739-489D-9E05-481B74B13421}.Console Release|x86.ActiveCfg = Release|Any CPU
		{1B507597-9739-489D-9E05-481B74B13421}.Console Release|x86.Build.0 = Release|Any CPU
		{1B507597-9739-489D-9E05-481B74B13421}.Debug|Any CPU.ActiveCfg = Debug|Any CPU
		{1B507597-9739-489D-9E05-481B74B13421}.Debug|Any CPU.Build.0 = Debug|Any CPU
		{1B507597-9739-489D-9E05-481B74B13421}.Debug|x86.ActiveCfg = Debug|Any CPU
		{1B507597-9739-489D-9E05-481B74B13421}.Debug|x86.Build.0 = Debug|Any CPU
		{1B507597-9739-489D-9E05-481B74B13421}.Release|Any CPU.ActiveCfg = Release|Any CPU
		{1B507597-9739-489D-9E05-481B74B13421}.Release|Any CPU.Build.0 = Release|Any CPU
		{1B507597-9739-489D-9E05-481B74B13421}.Release|x86.ActiveCfg = Release|Any CPU
		{1B507597-9739-489D-9E05-481B74B13421}.Release|x86.Build.0 = Release|Any CPU
		{1B507597-9739-489D-9E05-481B74B13421}.WPF GUI Debug|Any CPU.ActiveCfg = Debug|Any CPU
		{1B507597-9739-489D-9E05-481B74B13421}.WPF GUI Debug|Any CPU.Build.0 = Debug|Any CPU
		{1B507597-9739-489D-9E05-481B74B13421}.WPF GUI Debug|x86.ActiveCfg = Debug|Any CPU
		{1B507597-9739-489D-9E05-481B74B13421}.WPF GUI Debug|x86.Build.0 = Debug|Any CPU
		{1B507597-9739-489D-9E05-481B74B13421}.WPF GUI Release|Any CPU.ActiveCfg = Release|Any CPU
		{1B507597-9739-489D-9E05-481B74B13421}.WPF GUI Release|Any CPU.Build.0 = Release|Any CPU
		{1B507597-9739-489D-9E05-481B74B13421}.WPF GUI Release|x86.ActiveCfg = Release|Any CPU
		{1B507597-9739-489D-9E05-481B74B13421}.WPF GUI Release|x86.Build.0 = Release|Any CPU
		{29505007-B0A0-4367-BB26-04B903D09BC2}.Console Debug|Any CPU.ActiveCfg = Debug|Any CPU
		{29505007-B0A0-4367-BB26-04B903D09BC2}.Console Debug|Any CPU.Build.0 = Debug|Any CPU
		{29505007-B0A0-4367-BB26-04B903D09BC2}.Console Debug|x86.ActiveCfg = Debug|Any CPU
		{29505007-B0A0-4367-BB26-04B903D09BC2}.Console Debug|x86.Build.0 = Debug|Any CPU
		{29505007-B0A0-4367-BB26-04B903D09BC2}.Console Release|Any CPU.ActiveCfg = Release|Any CPU
		{29505007-B0A0-4367-BB26-04B903D09BC2}.Console Release|Any CPU.Build.0 = Release|Any CPU
		{29505007-B0A0-4367-BB26-04B903D09BC2}.Console Release|x86.ActiveCfg = Release|Any CPU
		{29505007-B0A0-4367-BB26-04B903D09BC2}.Console Release|x86.Build.0 = Release|Any CPU
		{29505007-B0A0-4367-BB26-04B903D09BC2}.Debug|Any CPU.ActiveCfg = Debug|Any CPU
		{29505007-B0A0-4367-BB26-04B903D09BC2}.Debug|Any CPU.Build.0 = Debug|Any CPU
		{29505007-B0A0-4367-BB26-04B903D09BC2}.Debug|x86.ActiveCfg = Debug|Any CPU
		{29505007-B0A0-4367-BB26-04B903D09BC2}.Debug|x86.Build.0 = Debug|Any CPU
		{29505007-B0A0-4367-BB26-04B903D09BC2}.Release|Any CPU.ActiveCfg = Release|Any CPU
		{29505007-B0A0-4367-BB26-04B903D09BC2}.Release|Any CPU.Build.0 = Release|Any CPU
		{29505007-B0A0-4367-BB26-04B903D09BC2}.Release|x86.ActiveCfg = Release|Any CPU
		{29505007-B0A0-4367-BB26-04B903D09BC2}.Release|x86.Build.0 = Release|Any CPU
		{29505007-B0A0-4367-BB26-04B903D09BC2}.WPF GUI Debug|Any CPU.ActiveCfg = Debug|Any CPU
		{29505007-B0A0-4367-BB26-04B903D09BC2}.WPF GUI Debug|Any CPU.Build.0 = Debug|Any CPU
		{29505007-B0A0-4367-BB26-04B903D09BC2}.WPF GUI Debug|x86.ActiveCfg = Debug|Any CPU
		{29505007-B0A0-4367-BB26-04B903D09BC2}.WPF GUI Debug|x86.Build.0 = Debug|Any CPU
		{29505007-B0A0-4367-BB26-04B903D09BC2}.WPF GUI Release|Any CPU.ActiveCfg = Release|Any CPU
		{29505007-B0A0-4367-BB26-04B903D09BC2}.WPF GUI Release|Any CPU.Build.0 = Release|Any CPU
		{29505007-B0A0-4367-BB26-04B903D09BC2}.WPF GUI Release|x86.ActiveCfg = Release|Any CPU
		{29505007-B0A0-4367-BB26-04B903D09BC2}.WPF GUI Release|x86.Build.0 = Release|Any CPU
		{B8485791-C56A-427E-8B45-AD38F17FE3C0}.Console Debug|Any CPU.ActiveCfg = Debug|Any CPU
		{B8485791-C56A-427E-8B45-AD38F17FE3C0}.Console Debug|Any CPU.Build.0 = Debug|Any CPU
		{B8485791-C56A-427E-8B45-AD38F17FE3C0}.Console Debug|x86.ActiveCfg = Debug|Any CPU
		{B8485791-C56A-427E-8B45-AD38F17FE3C0}.Console Debug|x86.Build.0 = Debug|Any CPU
		{B8485791-C56A-427E-8B45-AD38F17FE3C0}.Console Release|Any CPU.ActiveCfg = Release|Any CPU
		{B8485791-C56A-427E-8B45-AD38F17FE3C0}.Console Release|Any CPU.Build.0 = Release|Any CPU
		{B8485791-C56A-427E-8B45-AD38F17FE3C0}.Console Release|x86.ActiveCfg = Release|Any CPU
		{B8485791-C56A-427E-8B45-AD38F17FE3C0}.Console Release|x86.Build.0 = Release|Any CPU
		{B8485791-C56A-427E-8B45-AD38F17FE3C0}.Debug|Any CPU.ActiveCfg = Debug|Any CPU
		{B8485791-C56A-427E-8B45-AD38F17FE3C0}.Debug|Any CPU.Build.0 = Debug|Any CPU
		{B8485791-C56A-427E-8B45-AD38F17FE3C0}.Debug|x86.ActiveCfg = Debug|Any CPU
		{B8485791-C56A-427E-8B45-AD38F17FE3C0}.Debug|x86.Build.0 = Debug|Any CPU
		{B8485791-C56A-427E-8B45-AD38F17FE3C0}.Release|Any CPU.ActiveCfg = Release|Any CPU
		{B8485791-C56A-427E-8B45-AD38F17FE3C0}.Release|Any CPU.Build.0 = Release|Any CPU
		{B8485791-C56A-427E-8B45-AD38F17FE3C0}.Release|x86.ActiveCfg = Release|Any CPU
		{B8485791-C56A-427E-8B45-AD38F17FE3C0}.Release|x86.Build.0 = Release|Any CPU
		{B8485791-C56A-427E-8B45-AD38F17FE3C0}.WPF GUI Debug|Any CPU.ActiveCfg = Debug|Any CPU
		{B8485791-C56A-427E-8B45-AD38F17FE3C0}.WPF GUI Debug|Any CPU.Build.0 = Debug|Any CPU
		{B8485791-C56A-427E-8B45-AD38F17FE3C0}.WPF GUI Debug|x86.ActiveCfg = Debug|Any CPU
		{B8485791-C56A-427E-8B45-AD38F17FE3C0}.WPF GUI Debug|x86.Build.0 = Debug|Any CPU
		{B8485791-C56A-427E-8B45-AD38F17FE3C0}.WPF GUI Release|Any CPU.ActiveCfg = Release|Any CPU
		{B8485791-C56A-427E-8B45-AD38F17FE3C0}.WPF GUI Release|Any CPU.Build.0 = Release|Any CPU
		{B8485791-C56A-427E-8B45-AD38F17FE3C0}.WPF GUI Release|x86.ActiveCfg = Release|Any CPU
		{B8485791-C56A-427E-8B45-AD38F17FE3C0}.WPF GUI Release|x86.Build.0 = Release|Any CPU
		{3825AF9B-453E-42CC-B72F-CB1AC878B13B}.Console Debug|Any CPU.ActiveCfg = Debug|Any CPU
		{3825AF9B-453E-42CC-B72F-CB1AC878B13B}.Console Debug|Any CPU.Build.0 = Debug|Any CPU
		{3825AF9B-453E-42CC-B72F-CB1AC878B13B}.Console Debug|x86.ActiveCfg = Debug|Any CPU
		{3825AF9B-453E-42CC-B72F-CB1AC878B13B}.Console Debug|x86.Build.0 = Debug|Any CPU
		{3825AF9B-453E-42CC-B72F-CB1AC878B13B}.Console Release|Any CPU.ActiveCfg = Release|Any CPU
		{3825AF9B-453E-42CC-B72F-CB1AC878B13B}.Console Release|Any CPU.Build.0 = Release|Any CPU
		{3825AF9B-453E-42CC-B72F-CB1AC878B13B}.Console Release|x86.ActiveCfg = Release|Any CPU
		{3825AF9B-453E-42CC-B72F-CB1AC878B13B}.Console Release|x86.Build.0 = Release|Any CPU
		{3825AF9B-453E-42CC-B72F-CB1AC878B13B}.Debug|Any CPU.ActiveCfg = Debug|Any CPU
		{3825AF9B-453E-42CC-B72F-CB1AC878B13B}.Debug|Any CPU.Build.0 = Debug|Any CPU
		{3825AF9B-453E-42CC-B72F-CB1AC878B13B}.Debug|x86.ActiveCfg = Debug|Any CPU
		{3825AF9B-453E-42CC-B72F-CB1AC878B13B}.Debug|x86.Build.0 = Debug|Any CPU
		{3825AF9B-453E-42CC-B72F-CB1AC878B13B}.Release|Any CPU.ActiveCfg = Release|Any CPU
		{3825AF9B-453E-42CC-B72F-CB1AC878B13B}.Release|Any CPU.Build.0 = Release|Any CPU
		{3825AF9B-453E-42CC-B72F-CB1AC878B13B}.Release|x86.ActiveCfg = Release|Any CPU
		{3825AF9B-453E-42CC-B72F-CB1AC878B13B}.Release|x86.Build.0 = Release|Any CPU
		{3825AF9B-453E-42CC-B72F-CB1AC878B13B}.WPF GUI Debug|Any CPU.ActiveCfg = Debug|Any CPU
		{3825AF9B-453E-42CC-B72F-CB1AC878B13B}.WPF GUI Debug|Any CPU.Build.0 = Debug|Any CPU
		{3825AF9B-453E-42CC-B72F-CB1AC878B13B}.WPF GUI Debug|x86.ActiveCfg = Debug|Any CPU
		{3825AF9B-453E-42CC-B72F-CB1AC878B13B}.WPF GUI Debug|x86.Build.0 = Debug|Any CPU
		{3825AF9B-453E-42CC-B72F-CB1AC878B13B}.WPF GUI Release|Any CPU.ActiveCfg = Release|Any CPU
		{3825AF9B-453E-42CC-B72F-CB1AC878B13B}.WPF GUI Release|Any CPU.Build.0 = Release|Any CPU
		{3825AF9B-453E-42CC-B72F-CB1AC878B13B}.WPF GUI Release|x86.ActiveCfg = Release|Any CPU
		{3825AF9B-453E-42CC-B72F-CB1AC878B13B}.WPF GUI Release|x86.Build.0 = Release|Any CPU
		{8977628A-34AC-41B2-9DA6-D5B233C2882B}.Console Debug|Any CPU.ActiveCfg = Debug|Any CPU
		{8977628A-34AC-41B2-9DA6-D5B233C2882B}.Console Debug|Any CPU.Build.0 = Debug|Any CPU
		{8977628A-34AC-41B2-9DA6-D5B233C2882B}.Console Debug|x86.ActiveCfg = Debug|Any CPU
		{8977628A-34AC-41B2-9DA6-D5B233C2882B}.Console Debug|x86.Build.0 = Debug|Any CPU
		{8977628A-34AC-41B2-9DA6-D5B233C2882B}.Console Release|Any CPU.ActiveCfg = Release|Any CPU
		{8977628A-34AC-41B2-9DA6-D5B233C2882B}.Console Release|Any CPU.Build.0 = Release|Any CPU
		{8977628A-34AC-41B2-9DA6-D5B233C2882B}.Console Release|x86.ActiveCfg = Release|Any CPU
		{8977628A-34AC-41B2-9DA6-D5B233C2882B}.Console Release|x86.Build.0 = Release|Any CPU
		{8977628A-34AC-41B2-9DA6-D5B233C2882B}.Debug|Any CPU.ActiveCfg = Debug|Any CPU
		{8977628A-34AC-41B2-9DA6-D5B233C2882B}.Debug|Any CPU.Build.0 = Debug|Any CPU
		{8977628A-34AC-41B2-9DA6-D5B233C2882B}.Debug|x86.ActiveCfg = Debug|Any CPU
		{8977628A-34AC-41B2-9DA6-D5B233C2882B}.Debug|x86.Build.0 = Debug|Any CPU
		{8977628A-34AC-41B2-9DA6-D5B233C2882B}.Release|Any CPU.ActiveCfg = Release|Any CPU
		{8977628A-34AC-41B2-9DA6-D5B233C2882B}.Release|Any CPU.Build.0 = Release|Any CPU
		{8977628A-34AC-41B2-9DA6-D5B233C2882B}.Release|x86.ActiveCfg = Release|Any CPU
		{8977628A-34AC-41B2-9DA6-D5B233C2882B}.Release|x86.Build.0 = Release|Any CPU
		{8977628A-34AC-41B2-9DA6-D5B233C2882B}.WPF GUI Debug|Any CPU.ActiveCfg = Debug|Any CPU
		{8977628A-34AC-41B2-9DA6-D5B233C2882B}.WPF GUI Debug|Any CPU.Build.0 = Debug|Any CPU
		{8977628A-34AC-41B2-9DA6-D5B233C2882B}.WPF GUI Debug|x86.ActiveCfg = Debug|Any CPU
		{8977628A-34AC-41B2-9DA6-D5B233C2882B}.WPF GUI Debug|x86.Build.0 = Debug|Any CPU
		{8977628A-34AC-41B2-9DA6-D5B233C2882B}.WPF GUI Release|Any CPU.ActiveCfg = Release|Any CPU
		{8977628A-34AC-41B2-9DA6-D5B233C2882B}.WPF GUI Release|Any CPU.Build.0 = Release|Any CPU
		{8977628A-34AC-41B2-9DA6-D5B233C2882B}.WPF GUI Release|x86.ActiveCfg = Release|Any CPU
		{8977628A-34AC-41B2-9DA6-D5B233C2882B}.WPF GUI Release|x86.Build.0 = Release|Any CPU
	EndGlobalSection
	GlobalSection(SolutionProperties) = preSolution
		HideSolutionNode = FALSE
	EndGlobalSection
	GlobalSection(ExtensibilityGlobals) = postSolution
		SolutionGuid = {B9522680-3ECA-45E2-BBEF-480AE57B2664}
	EndGlobalSection
EndGlobal
