
Microsoft Visual Studio Solution File, Format Version 12.00
# Visual Studio 15
VisualStudioVersion = 15.0.27130.2010
MinimumVisualStudioVersion = 10.0.40219.1
Project("{9A19103F-16F7-4668-BE54-9A1E7A4F7556}") = "FastenerDetection", "FastenerDetection\FastenerDetection.csproj", "{1B507597-9739-489D-9E05-481B74B13421}"
EndProject
Project("{9A19103F-16F7-4668-BE54-9A1E7A4F7556}") = "DisassemblyDirectionDetection", "DisassemblyDirectionDetection\DisassemblyDirectionDetection.csproj", "{29505007-B0A0-4367-BB26-04B903D09BC2}"
EndProject
Project("{9A19103F-16F7-4668-BE54-9A1E7A4F7556}") = "VerificationBeforePlanning", "VerificationBeforePlanning\VerificationBeforePlanning.csproj", "{B8485791-C56A-427E-8B45-AD38F17FE3C0}"
EndProject
Project("{9A19103F-16F7-4668-BE54-9A1E7A4F7556}") = "AutomatedAssemblyPlannerLibrary", "AutomatedAssemblyPlannerLibrary\AutomatedAssemblyPlannerLibrary.csproj", "{3825AF9B-453E-42CC-B72F-CB1AC878B13B}"
EndProject
Project("{9A19103F-16F7-4668-BE54-9A1E7A4F7556}") = "AssemblyPlanSearch", "AssemblyPlanSearch\AssemblyPlanSearch.csproj", "{8977628A-34AC-41B2-9DA6-D5B233C2882B}"
EndProject
Project("{9092AA53-FB77-4645-B42D-1CCCA6BD08BD}") = "AAPWebInterface", "AAPWebInterface.njsproj", "{E5587A64-56C8-4043-8B9D-76F7A694BF01}"
EndProject
Global
	GlobalSection(SolutionConfigurationPlatforms) = preSolution
		Debug|Any CPU = Debug|Any CPU
		Release|Any CPU = Release|Any CPU
	EndGlobalSection
	GlobalSection(ProjectConfigurationPlatforms) = postSolution
		{1B507597-9739-489D-9E05-481B74B13421}.Debug|Any CPU.ActiveCfg = Debug|Any CPU
		{1B507597-9739-489D-9E05-481B74B13421}.Debug|Any CPU.Build.0 = Debug|Any CPU
		{1B507597-9739-489D-9E05-481B74B13421}.Release|Any CPU.ActiveCfg = Release|Any CPU
		{1B507597-9739-489D-9E05-481B74B13421}.Release|Any CPU.Build.0 = Release|Any CPU
		{29505007-B0A0-4367-BB26-04B903D09BC2}.Debug|Any CPU.ActiveCfg = Debug|Any CPU
		{29505007-B0A0-4367-BB26-04B903D09BC2}.Debug|Any CPU.Build.0 = Debug|Any CPU
		{29505007-B0A0-4367-BB26-04B903D09BC2}.Release|Any CPU.ActiveCfg = Release|Any CPU
		{29505007-B0A0-4367-BB26-04B903D09BC2}.Release|Any CPU.Build.0 = Release|Any CPU
		{B8485791-C56A-427E-8B45-AD38F17FE3C0}.Debug|Any CPU.ActiveCfg = Debug|Any CPU
		{B8485791-C56A-427E-8B45-AD38F17FE3C0}.Debug|Any CPU.Build.0 = Debug|Any CPU
		{B8485791-C56A-427E-8B45-AD38F17FE3C0}.Release|Any CPU.ActiveCfg = Release|Any CPU
		{B8485791-C56A-427E-8B45-AD38F17FE3C0}.Release|Any CPU.Build.0 = Release|Any CPU
		{3825AF9B-453E-42CC-B72F-CB1AC878B13B}.Debug|Any CPU.ActiveCfg = Debug|Any CPU
		{3825AF9B-453E-42CC-B72F-CB1AC878B13B}.Debug|Any CPU.Build.0 = Debug|Any CPU
		{3825AF9B-453E-42CC-B72F-CB1AC878B13B}.Release|Any CPU.ActiveCfg = Release|Any CPU
		{3825AF9B-453E-42CC-B72F-CB1AC878B13B}.Release|Any CPU.Build.0 = Release|Any CPU
		{8977628A-34AC-41B2-9DA6-D5B233C2882B}.Debug|Any CPU.ActiveCfg = Debug|Any CPU
		{8977628A-34AC-41B2-9DA6-D5B233C2882B}.Debug|Any CPU.Build.0 = Debug|Any CPU
		{8977628A-34AC-41B2-9DA6-D5B233C2882B}.Release|Any CPU.ActiveCfg = Release|Any CPU
		{8977628A-34AC-41B2-9DA6-D5B233C2882B}.Release|Any CPU.Build.0 = Release|Any CPU
		{E5587A64-56C8-4043-8B9D-76F7A694BF01}.Debug|Any CPU.ActiveCfg = Debug|Any CPU
		{E5587A64-56C8-4043-8B9D-76F7A694BF01}.Debug|Any CPU.Build.0 = Debug|Any CPU
		{E5587A64-56C8-4043-8B9D-76F7A694BF01}.Release|Any CPU.ActiveCfg = Release|Any CPU
		{E5587A64-56C8-4043-8B9D-76F7A694BF01}.Release|Any CPU.Build.0 = Release|Any CPU
	EndGlobalSection
	GlobalSection(SolutionProperties) = preSolution
		HideSolutionNode = FALSE
	EndGlobalSection
	GlobalSection(ExtensibilityGlobals) = postSolution
		SolutionGuid = {B9522680-3ECA-45E2-BBEF-480AE57B2664}
	EndGlobalSection
EndGlobal
